<?xml version="1.0" encoding="utf-8"?>
<Project ToolsVersion="4.0" xmlns="http://schemas.microsoft.com/developer/msbuild/2003">
  <ItemGroup>
    <Filter Include="RayEngine">
      <UniqueIdentifier>{ba3e55f4-852e-409d-8dc7-28e6bc3e9fcb}</UniqueIdentifier>
    </Filter>
    <Filter Include="Application">
      <UniqueIdentifier>{b4956370-85b3-4cae-bb0e-15ed8d8f6e10}</UniqueIdentifier>
    </Filter>
    <Filter Include="RayEngine\Shaders">
      <UniqueIdentifier>{8ab41e74-aa47-4dca-bce1-27a14b1dd866}</UniqueIdentifier>
    </Filter>
    <Filter Include="RayEngine\External">
      <UniqueIdentifier>{999a2788-80a3-46c8-bb0c-9cf63f48c6ec}</UniqueIdentifier>
    </Filter>
    <Filter Include="RayEngine\External\imgui">
      <UniqueIdentifier>{791f74d1-2754-46e6-bdd4-e00ed5abf622}</UniqueIdentifier>
    </Filter>
    <Filter Include="RayEngine\2d">
      <UniqueIdentifier>{d4c0e486-fc64-4f55-982a-b2e220bcbf31}</UniqueIdentifier>
    </Filter>
    <Filter Include="RayEngine\3d">
      <UniqueIdentifier>{fd2510a9-a4fc-4ca0-9b58-72fb9b3e5a01}</UniqueIdentifier>
    </Filter>
    <Filter Include="RayEngine\Audio">
      <UniqueIdentifier>{c1e6afab-6c5d-4b04-a141-b7af116d866b}</UniqueIdentifier>
    </Filter>
    <Filter Include="RayEngine\Base">
      <UniqueIdentifier>{846ea05b-924f-4aca-b155-3fd351225ffb}</UniqueIdentifier>
    </Filter>
    <Filter Include="RayEngine\Collision">
      <UniqueIdentifier>{d18affeb-d272-45b9-a2a4-ddd5c7e67ea7}</UniqueIdentifier>
    </Filter>
    <Filter Include="RayEngine\Framework">
      <UniqueIdentifier>{649ce223-6036-4616-a78a-4f3c4c6d7c81}</UniqueIdentifier>
    </Filter>
    <Filter Include="RayEngine\ImGui">
      <UniqueIdentifier>{e99e5849-c5ac-4349-9a71-0184a4a180aa}</UniqueIdentifier>
    </Filter>
    <Filter Include="RayEngine\Input">
      <UniqueIdentifier>{c0c17e25-773b-4e88-8bdc-cbf4d2f6f410}</UniqueIdentifier>
    </Filter>
    <Filter Include="RayEngine\Math">
      <UniqueIdentifier>{1bff4b8e-353f-44d2-8803-091468df74fc}</UniqueIdentifier>
    </Filter>
    <Filter Include="RayEngine\Scene">
      <UniqueIdentifier>{37d060b4-e726-4040-9806-668395ed98f5}</UniqueIdentifier>
    </Filter>
    <Filter Include="Application\Camera">
      <UniqueIdentifier>{9909aeb1-4214-4064-aa0d-f69470f63ead}</UniqueIdentifier>
    </Filter>
    <Filter Include="Application\Character">
      <UniqueIdentifier>{e9d9c0ba-8b44-45dc-8e57-9fbd564bd056}</UniqueIdentifier>
    </Filter>
    <Filter Include="Application\Scene">
      <UniqueIdentifier>{2fddb60e-b5fe-4350-b821-18897ee8033d}</UniqueIdentifier>
    </Filter>
    <Filter Include="Application\World">
      <UniqueIdentifier>{eaea4c5d-6f8d-4636-b06d-73a294aec8fd}</UniqueIdentifier>
    </Filter>
    <Filter Include="ソース ファイル">
      <UniqueIdentifier>{4FC737F1-C7A5-4376-A066-2A32D752A2FF}</UniqueIdentifier>
      <Extensions>cpp;c;cc;cxx;c++;cppm;ixx;def;odl;idl;hpj;bat;asm;asmx</Extensions>
    </Filter>
    <Filter Include="ヘッダー ファイル">
      <UniqueIdentifier>{93995380-89BD-4b04-88EB-625FBE52EBFB}</UniqueIdentifier>
      <Extensions>h;hh;hpp;hxx;h++;hm;inl;inc;ipp;xsd</Extensions>
    </Filter>
    <Filter Include="リソース ファイル">
      <UniqueIdentifier>{67DA6AB6-F800-4c08-8B7A-83BB121AAD01}</UniqueIdentifier>
      <Extensions>rc;ico;cur;bmp;dlg;rc2;rct;bin;rgs;gif;jpg;jpeg;jpe;resx;tiff;tif;png;wav;mfcribbon-ms</Extensions>
    </Filter>
  </ItemGroup>
  <ItemGroup>
    <ClCompile Include="Externals\imgui\imgui.cpp">
      <Filter>RayEngine\External\imgui</Filter>
    </ClCompile>
    <ClCompile Include="Externals\imgui\imgui_demo.cpp">
      <Filter>RayEngine\External\imgui</Filter>
    </ClCompile>
    <ClCompile Include="Externals\imgui\imgui_draw.cpp">
      <Filter>RayEngine\External\imgui</Filter>
    </ClCompile>
    <ClCompile Include="Externals\imgui\imgui_impl_dx12.cpp">
      <Filter>RayEngine\External\imgui</Filter>
    </ClCompile>
    <ClCompile Include="Externals\imgui\imgui_impl_win32.cpp">
      <Filter>RayEngine\External\imgui</Filter>
    </ClCompile>
    <ClCompile Include="Externals\imgui\imgui_tables.cpp">
      <Filter>RayEngine\External\imgui</Filter>
    </ClCompile>
    <ClCompile Include="Externals\imgui\imgui_widgets.cpp">
      <Filter>RayEngine\External\imgui</Filter>
    </ClCompile>
    <ClCompile Include="DIrectXGame\Application\Character\BaseCharacter.cpp">
      <Filter>Application\Character</Filter>
    </ClCompile>
    <ClCompile Include="DIrectXGame\Application\Character\Enemy.cpp">
      <Filter>Application\Character</Filter>
    </ClCompile>
    <ClCompile Include="DIrectXGame\Application\Character\Player.cpp">
      <Filter>Application\Character</Filter>
    </ClCompile>
    <ClCompile Include="DIrectXGame\Application\Scene\GameScene.cpp">
      <Filter>Application\Scene</Filter>
    </ClCompile>
    <ClCompile Include="DIrectXGame\Application\Scene\TitleScene.cpp">
      <Filter>Application\Scene</Filter>
    </ClCompile>
    <ClCompile Include="DIrectXGame\Application\Camera\FollowCamera.cpp">
      <Filter>Application\Camera</Filter>
    </ClCompile>
    <ClCompile Include="DIrectXGame\Application\World\Scaffold.cpp">
      <Filter>Application\World</Filter>
    </ClCompile>
    <ClCompile Include="DIrectXGame\Application\World\skydome.cpp">
      <Filter>Application\World</Filter>
    </ClCompile>
    <ClCompile Include="DIrectXGame\RayEngine\ParticleManager.cpp">
      <Filter>ソース ファイル</Filter>
    </ClCompile>
    <ClCompile Include="gomi\CommandListManager.cpp">
      <Filter>ソース ファイル</Filter>
    </ClCompile>
    <ClCompile Include="gomi\CommandAllocator.cpp">
      <Filter>ソース ファイル</Filter>
    </ClCompile>
    <ClCompile Include="DIrectXGame\RayEngine\2d\Particle.cpp">
      <Filter>RayEngine\2d</Filter>
    </ClCompile>
    <ClCompile Include="DIrectXGame\RayEngine\2d\Sprite.cpp">
      <Filter>RayEngine\2d</Filter>
    </ClCompile>
    <ClCompile Include="DIrectXGame\RayEngine\3d\DirectionalLight.cpp">
      <Filter>RayEngine\3d</Filter>
    </ClCompile>
    <ClCompile Include="DIrectXGame\RayEngine\3d\LightGroup.cpp">
      <Filter>RayEngine\3d</Filter>
    </ClCompile>
    <ClCompile Include="DIrectXGame\RayEngine\3d\Material.cpp">
      <Filter>RayEngine\3d</Filter>
    </ClCompile>
    <ClCompile Include="DIrectXGame\RayEngine\3d\Mesh.cpp">
      <Filter>RayEngine\3d</Filter>
    </ClCompile>
    <ClCompile Include="DIrectXGame\RayEngine\3d\Model.cpp">
      <Filter>RayEngine\3d</Filter>
    </ClCompile>
    <ClCompile Include="DIrectXGame\RayEngine\3d\Triangle.cpp">
      <Filter>RayEngine\3d</Filter>
    </ClCompile>
    <ClCompile Include="DIrectXGame\RayEngine\3d\viewProjection.cpp">
      <Filter>RayEngine\3d</Filter>
    </ClCompile>
    <ClCompile Include="DIrectXGame\RayEngine\3d\WorldTransform.cpp">
      <Filter>RayEngine\3d</Filter>
    </ClCompile>
    <ClCompile Include="DIrectXGame\RayEngine\Audio\audio.cpp">
      <Filter>RayEngine\Audio</Filter>
    </ClCompile>
    <ClCompile Include="DIrectXGame\RayEngine\Base\DXCManager.cpp">
      <Filter>RayEngine\Base</Filter>
    </ClCompile>
    <ClCompile Include="DIrectXGame\RayEngine\Base\DXCommon.cpp">
      <Filter>RayEngine\Base</Filter>
    </ClCompile>
    <ClCompile Include="DIrectXGame\RayEngine\Base\MyD3D12Create.cpp">
      <Filter>RayEngine\Base</Filter>
    </ClCompile>
    <ClCompile Include="DIrectXGame\RayEngine\Base\MyLog.cpp">
      <Filter>RayEngine\Base</Filter>
    </ClCompile>
    <ClCompile Include="DIrectXGame\RayEngine\Base\TextureManager.cpp">
      <Filter>RayEngine\Base</Filter>
    </ClCompile>
    <ClCompile Include="DIrectXGame\RayEngine\Base\WinApp.cpp">
      <Filter>RayEngine\Base</Filter>
    </ClCompile>
    <ClCompile Include="DIrectXGame\RayEngine\Collision\Collider.cpp">
      <Filter>RayEngine\Collision</Filter>
    </ClCompile>
    <ClCompile Include="DIrectXGame\RayEngine\Collision\CollisionManager.cpp">
      <Filter>RayEngine\Collision</Filter>
    </ClCompile>
    <ClCompile Include="DIrectXGame\RayEngine\Framework\Framework.cpp">
      <Filter>RayEngine\Framework</Filter>
    </ClCompile>
    <ClCompile Include="DIrectXGame\RayEngine\Base\ImGuiManager.cpp">
      <Filter>RayEngine\ImGui</Filter>
    </ClCompile>
    <ClCompile Include="DIrectXGame\RayEngine\Input\Input.cpp">
      <Filter>RayEngine\Input</Filter>
    </ClCompile>
    <ClCompile Include="DIrectXGame\RayEngine\Math\Vector4.cpp">
      <Filter>RayEngine\Math</Filter>
    </ClCompile>
    <ClCompile Include="DIrectXGame\RayEngine\Math\Matrix3x3.cpp">
      <Filter>RayEngine\Math</Filter>
    </ClCompile>
    <ClCompile Include="DIrectXGame\RayEngine\Math\Matrix4x4.cpp">
      <Filter>RayEngine\Math</Filter>
    </ClCompile>
    <ClCompile Include="DIrectXGame\RayEngine\Math\R_Math.cpp">
      <Filter>RayEngine\Math</Filter>
    </ClCompile>
    <ClCompile Include="DIrectXGame\RayEngine\Math\Transform.cpp">
      <Filter>RayEngine\Math</Filter>
    </ClCompile>
    <ClCompile Include="DIrectXGame\RayEngine\Math\Vector2.cpp">
      <Filter>RayEngine\Math</Filter>
    </ClCompile>
    <ClCompile Include="DIrectXGame\RayEngine\Math\Vector3.cpp">
      <Filter>RayEngine\Math</Filter>
    </ClCompile>
    <ClCompile Include="DIrectXGame\RayEngine\Scene\BaseScene.cpp">
      <Filter>RayEngine\Scene</Filter>
    </ClCompile>
    <ClCompile Include="DIrectXGame\RayEngine\Scene\SceneFactory.cpp">
      <Filter>RayEngine\Scene</Filter>
    </ClCompile>
    <ClCompile Include="DIrectXGame\RayEngine\Scene\SceneManager.cpp">
      <Filter>RayEngine\Scene</Filter>
    </ClCompile>
    <ClCompile Include="DIrectXGame\Application\MyGame.cpp">
      <Filter>Application</Filter>
    </ClCompile>
    <ClCompile Include="DIrectXGame\main.cpp">
      <Filter>Application</Filter>
    </ClCompile>
    <ClCompile Include="gomi\CommandLIst.cpp">
      <Filter>ソース ファイル</Filter>
    </ClCompile>
    <ClCompile Include="DIrectXGame\Goal.cpp">
      <Filter>Application\World</Filter>
    </ClCompile>
    <ClCompile Include="DIrectXGame\Application\World\Ground.cpp">
      <Filter>Application\World</Filter>
    </ClCompile>
    <ClCompile Include="DIrectXGame\RayEngine\GlobalVariables.cpp">
      <Filter>RayEngine</Filter>
    </ClCompile>
  </ItemGroup>
  <ItemGroup>
    <ClInclude Include="Externals\imgui\imconfig.h">
      <Filter>RayEngine\External\imgui</Filter>
    </ClInclude>
    <ClInclude Include="Externals\imgui\imgui.h">
      <Filter>RayEngine\External\imgui</Filter>
    </ClInclude>
    <ClInclude Include="Externals\imgui\imgui_impl_dx12.h">
      <Filter>RayEngine\External\imgui</Filter>
    </ClInclude>
    <ClInclude Include="Externals\imgui\imgui_impl_win32.h">
      <Filter>RayEngine\External\imgui</Filter>
    </ClInclude>
    <ClInclude Include="Externals\imgui\imgui_internal.h">
      <Filter>RayEngine\External\imgui</Filter>
    </ClInclude>
    <ClInclude Include="Externals\imgui\imstb_rectpack.h">
      <Filter>RayEngine\External\imgui</Filter>
    </ClInclude>
    <ClInclude Include="Externals\imgui\imstb_textedit.h">
      <Filter>RayEngine\External\imgui</Filter>
    </ClInclude>
    <ClInclude Include="Externals\imgui\imstb_truetype.h">
      <Filter>RayEngine\External\imgui</Filter>
    </ClInclude>
    <ClInclude Include="DIrectXGame\RayEngine\2d\Sprite.h">
      <Filter>RayEngine\2d</Filter>
    </ClInclude>
    <ClInclude Include="DIrectXGame\RayEngine\3d\WorldTransform.h">
      <Filter>RayEngine\3d</Filter>
    </ClInclude>
    <ClInclude Include="DIrectXGame\RayEngine\3d\viewProjection.h">
      <Filter>RayEngine\3d</Filter>
    </ClInclude>
    <ClInclude Include="DIrectXGame\RayEngine\3d\DirectionalLight.h">
      <Filter>RayEngine\3d</Filter>
    </ClInclude>
    <ClInclude Include="DIrectXGame\RayEngine\3d\LightGroup.h">
      <Filter>RayEngine\3d</Filter>
    </ClInclude>
    <ClInclude Include="DIrectXGame\RayEngine\3d\Material.h">
      <Filter>RayEngine\3d</Filter>
    </ClInclude>
    <ClInclude Include="DIrectXGame\RayEngine\3d\Mesh.h">
      <Filter>RayEngine\3d</Filter>
    </ClInclude>
    <ClInclude Include="DIrectXGame\RayEngine\3d\Model.h">
      <Filter>RayEngine\3d</Filter>
    </ClInclude>
    <ClInclude Include="DIrectXGame\RayEngine\3d\Triangle.h">
      <Filter>RayEngine\3d</Filter>
    </ClInclude>
    <ClInclude Include="DIrectXGame\RayEngine\Base\DXCManager.h">
      <Filter>RayEngine\Base</Filter>
    </ClInclude>
    <ClInclude Include="DIrectXGame\RayEngine\Base\DXCommon.h">
      <Filter>RayEngine\Base</Filter>
    </ClInclude>
    <ClInclude Include="DIrectXGame\RayEngine\Base\MyD3D12Create.h">
      <Filter>RayEngine\Base</Filter>
    </ClInclude>
    <ClInclude Include="DIrectXGame\RayEngine\Base\MyLog.h">
      <Filter>RayEngine\Base</Filter>
    </ClInclude>
    <ClInclude Include="DIrectXGame\RayEngine\Base\MyStruct.h">
      <Filter>RayEngine\Base</Filter>
    </ClInclude>
    <ClInclude Include="DIrectXGame\RayEngine\Base\SafeDelete.h">
      <Filter>RayEngine\Base</Filter>
    </ClInclude>
    <ClInclude Include="DIrectXGame\RayEngine\Base\TextureManager.h">
      <Filter>RayEngine\Base</Filter>
    </ClInclude>
    <ClInclude Include="DIrectXGame\RayEngine\Base\WinApp.h">
      <Filter>RayEngine\Base</Filter>
    </ClInclude>
    <ClInclude Include="DIrectXGame\RayEngine\Input\Input.h">
      <Filter>RayEngine\Input</Filter>
    </ClInclude>
    <ClInclude Include="DIrectXGame\RayEngine\Collision\Collider.h">
      <Filter>RayEngine\Collision</Filter>
    </ClInclude>
    <ClInclude Include="DIrectXGame\RayEngine\Collision\CollisionConfig.h">
      <Filter>RayEngine\Collision</Filter>
    </ClInclude>
    <ClInclude Include="DIrectXGame\RayEngine\Collision\CollisionManager.h">
      <Filter>RayEngine\Collision</Filter>
    </ClInclude>
    <ClInclude Include="DIrectXGame\RayEngine\Audio\audio.h">
      <Filter>RayEngine\Audio</Filter>
    </ClInclude>
    <ClInclude Include="DIrectXGame\RayEngine\Scene\AbstractSceneFactory.h">
      <Filter>RayEngine\Scene</Filter>
    </ClInclude>
    <ClInclude Include="DIrectXGame\RayEngine\Scene\SceneFactory.h">
      <Filter>RayEngine\Scene</Filter>
    </ClInclude>
    <ClInclude Include="DIrectXGame\RayEngine\Scene\SceneManager.h">
      <Filter>RayEngine\Scene</Filter>
    </ClInclude>
    <ClInclude Include="DIrectXGame\RayEngine\Scene\BaseScene.h">
      <Filter>RayEngine\Scene</Filter>
    </ClInclude>
    <ClInclude Include="DIrectXGame\RayEngine\Base\ImGuiManager.h">
      <Filter>RayEngine\ImGui</Filter>
    </ClInclude>
    <ClInclude Include="DIrectXGame\RayEngine\Framework\Framework.h">
      <Filter>RayEngine\Framework</Filter>
    </ClInclude>
    <ClInclude Include="DIrectXGame\RayEngine\2d\Particle.h">
      <Filter>RayEngine\2d</Filter>
    </ClInclude>
    <ClInclude Include="DIrectXGame\RayEngine\ParticleManager.h">
      <Filter>ヘッダー ファイル</Filter>
    </ClInclude>
    <ClInclude Include="gomi\CommandListManager.h">
      <Filter>ヘッダー ファイル</Filter>
    </ClInclude>
    <ClInclude Include="gomi\CommandAllocator.h">
      <Filter>ヘッダー ファイル</Filter>
    </ClInclude>
    <ClInclude Include="DIrectXGame\RayEngine\GlobalVariables.h">
      <Filter>RayEngine</Filter>
    </ClInclude>
    <ClInclude Include="DIrectXGame\RayEngine\Math\Vector4.h">
      <Filter>RayEngine\Math</Filter>
    </ClInclude>
    <ClInclude Include="DIrectXGame\RayEngine\Math\Vector3.h">
      <Filter>RayEngine\Math</Filter>
    </ClInclude>
    <ClInclude Include="DIrectXGame\RayEngine\Math\Vector2.h">
      <Filter>RayEngine\Math</Filter>
    </ClInclude>
    <ClInclude Include="DIrectXGame\RayEngine\Math\Transform.h">
      <Filter>RayEngine\Math</Filter>
    </ClInclude>
    <ClInclude Include="DIrectXGame\RayEngine\Math\R_Math.h">
      <Filter>RayEngine\Math</Filter>
    </ClInclude>
    <ClInclude Include="DIrectXGame\RayEngine\Math\Matrix4x4.h">
      <Filter>RayEngine\Math</Filter>
    </ClInclude>
    <ClInclude Include="DIrectXGame\RayEngine\Math\Matrix3x3.h">
      <Filter>RayEngine\Math</Filter>
    </ClInclude>
    <ClInclude Include="DIrectXGame\Application\Camera\FollowCamera.h">
      <Filter>Application\Camera</Filter>
    </ClInclude>
    <ClInclude Include="DIrectXGame\Application\Character\BaseCharacter.h">
      <Filter>Application\Character</Filter>
    </ClInclude>
    <ClInclude Include="DIrectXGame\Application\Character\Player.h">
      <Filter>Application\Character</Filter>
    </ClInclude>
    <ClInclude Include="DIrectXGame\Application\Character\Enemy.h">
      <Filter>Application\Character</Filter>
    </ClInclude>
    <ClInclude Include="DIrectXGame\Application\Scene\GameScene.h">
      <Filter>Application\Scene</Filter>
    </ClInclude>
    <ClInclude Include="DIrectXGame\Application\Scene\TitleScene.h">
      <Filter>Application\Scene</Filter>
    </ClInclude>
    <ClInclude Include="DIrectXGame\Application\World\Scaffold.h">
      <Filter>Application\World</Filter>
    </ClInclude>
    <ClInclude Include="DIrectXGame\Application\World\skydome.h">
      <Filter>Application\World</Filter>
    </ClInclude>
    <ClInclude Include="DIrectXGame\Application\MyGame.h">
      <Filter>Application</Filter>
    </ClInclude>
    <ClInclude Include="gomi\CommandLIst.h">
      <Filter>ヘッダー ファイル</Filter>
    </ClInclude>
    <ClInclude Include="DIrectXGame\Goal.h">
      <Filter>Application\World</Filter>
    </ClInclude>
    <ClInclude Include="DIrectXGame\Application\World\Ground.h">
      <Filter>Application\World</Filter>
    </ClInclude>
  </ItemGroup>
  <ItemGroup>
    <None Include="Resources\shaders\Obj.hlsli">
      <Filter>RayEngine\Shaders</Filter>
    </None>
    <None Include="Resources\shaders\Sprite.hlsli">
      <Filter>RayEngine\Shaders</Filter>
    </None>
    <None Include="Resources\shaders\Particle.hlsli">
      <Filter>RayEngine\Shaders</Filter>
    </None>
  </ItemGroup>
  <ItemGroup>
    <FxCompile Include="Resources\shaders\ObjPS.hlsl">
      <Filter>RayEngine\Shaders</Filter>
    </FxCompile>
    <FxCompile Include="Resources\shaders\ObjVS.hlsl">
      <Filter>RayEngine\Shaders</Filter>
    </FxCompile>
    <FxCompile Include="Resources\shaders\SpritePS.hlsl">
      <Filter>RayEngine\Shaders</Filter>
    </FxCompile>
    <FxCompile Include="Resources\shaders\SpriteVS.hlsl">
      <Filter>RayEngine\Shaders</Filter>
    </FxCompile>
    <FxCompile Include="Resources\shaders\ParticlePS.hlsl">
      <Filter>RayEngine\Shaders</Filter>
    </FxCompile>
    <FxCompile Include="Resources\shaders\ParticleVS.hlsl">
      <Filter>RayEngine\Shaders</Filter>
    </FxCompile>
  </ItemGroup>
  <ItemGroup>
    <Text Include="Externals\imgui\LICENSE.txt">
      <Filter>RayEngine\External\imgui</Filter>
    </Text>
  </ItemGroup>
</Project>