<?xml version="1.0" encoding="utf-8"?>
<Project ToolsVersion="4.0" xmlns="http://schemas.microsoft.com/developer/msbuild/2003">
  <ItemGroup>
    <Filter Include="ソース ファイル">
      <UniqueIdentifier>{4FC737F1-C7A5-4376-A066-2A32D752A2FF}</UniqueIdentifier>
      <Extensions>cpp;c;cc;cxx;c++;cppm;ixx;def;odl;idl;hpj;bat;asm;asmx</Extensions>
    </Filter>
    <Filter Include="ヘッダー ファイル">
      <UniqueIdentifier>{93995380-89BD-4b04-88EB-625FBE52EBFB}</UniqueIdentifier>
      <Extensions>h;hh;hpp;hxx;h++;hm;inl;inc;ipp;xsd</Extensions>
    </Filter>
    <Filter Include="リソース ファイル">
      <UniqueIdentifier>{67DA6AB6-F800-4c08-8B7A-83BB121AAD01}</UniqueIdentifier>
      <Extensions>rc;ico;cur;bmp;dlg;rc2;rct;bin;rgs;gif;jpg;jpeg;jpe;resx;tiff;tif;png;wav;mfcribbon-ms</Extensions>
    </Filter>
    <Filter Include="リソース ファイル\shaders">
      <UniqueIdentifier>{8ab41e74-aa47-4dca-bce1-27a14b1dd866}</UniqueIdentifier>
    </Filter>
    <Filter Include="RayEngine">
      <UniqueIdentifier>{ba3e55f4-852e-409d-8dc7-28e6bc3e9fcb}</UniqueIdentifier>
    </Filter>
    <Filter Include="RayEngine\2d">
      <UniqueIdentifier>{d4c0e486-fc64-4f55-982a-b2e220bcbf31}</UniqueIdentifier>
    </Filter>
    <Filter Include="RayEngine\3d">
      <UniqueIdentifier>{fd2510a9-a4fc-4ca0-9b58-72fb9b3e5a01}</UniqueIdentifier>
    </Filter>
    <Filter Include="RayEngine\base">
      <UniqueIdentifier>{846ea05b-924f-4aca-b155-3fd351225ffb}</UniqueIdentifier>
    </Filter>
    <Filter Include="RayEngine\input">
      <UniqueIdentifier>{c0c17e25-773b-4e88-8bdc-cbf4d2f6f410}</UniqueIdentifier>
    </Filter>
    <Filter Include="RayEngine\math">
      <UniqueIdentifier>{1bff4b8e-353f-44d2-8803-091468df74fc}</UniqueIdentifier>
    </Filter>
    <Filter Include="RayEngine\scene">
      <UniqueIdentifier>{532f516e-4b09-43d4-b61f-268a4e9d36ae}</UniqueIdentifier>
    </Filter>
    <Filter Include="RayEngine\imgui">
      <UniqueIdentifier>{791f74d1-2754-46e6-bdd4-e00ed5abf622}</UniqueIdentifier>
    </Filter>
    <Filter Include="RayEngine\collision">
      <UniqueIdentifier>{d18affeb-d272-45b9-a2a4-ddd5c7e67ea7}</UniqueIdentifier>
    </Filter>
    <Filter Include="RayEngine\audio">
      <UniqueIdentifier>{c1e6afab-6c5d-4b04-a141-b7af116d866b}</UniqueIdentifier>
    </Filter>
  </ItemGroup>
  <ItemGroup>
    <ClCompile Include="3d\WorldTransform.cpp">
      <Filter>RayEngine\3d</Filter>
    </ClCompile>
    <ClCompile Include="3d\DirectionalLight.cpp">
      <Filter>RayEngine\3d</Filter>
    </ClCompile>
    <ClCompile Include="3d\LightGroup.cpp">
      <Filter>RayEngine\3d</Filter>
    </ClCompile>
    <ClCompile Include="3d\Material.cpp">
      <Filter>RayEngine\3d</Filter>
    </ClCompile>
    <ClCompile Include="3d\Mesh.cpp">
      <Filter>RayEngine\3d</Filter>
    </ClCompile>
    <ClCompile Include="3d\Model.cpp">
      <Filter>RayEngine\3d</Filter>
    </ClCompile>
    <ClCompile Include="3d\Triangle.cpp">
      <Filter>RayEngine\3d</Filter>
    </ClCompile>
    <ClCompile Include="3d\viewProjection.cpp">
      <Filter>RayEngine\3d</Filter>
    </ClCompile>
    <ClCompile Include="base\DXCManager.cpp">
      <Filter>RayEngine\base</Filter>
    </ClCompile>
    <ClCompile Include="base\DXCommon.cpp">
      <Filter>RayEngine\base</Filter>
    </ClCompile>
    <ClCompile Include="base\ImGuiManager.cpp">
      <Filter>RayEngine\base</Filter>
    </ClCompile>
    <ClCompile Include="base\MyD3D12Create.cpp">
      <Filter>RayEngine\base</Filter>
    </ClCompile>
    <ClCompile Include="base\MyLog.cpp">
      <Filter>RayEngine\base</Filter>
    </ClCompile>
    <ClCompile Include="base\TextureManager.cpp">
      <Filter>RayEngine\base</Filter>
    </ClCompile>
    <ClCompile Include="base\WinApp.cpp">
      <Filter>RayEngine\base</Filter>
    </ClCompile>
    <ClCompile Include="base\MyMath.cpp">
      <Filter>RayEngine\math</Filter>
    </ClCompile>
    <ClCompile Include="input\Input.cpp">
      <Filter>RayEngine\input</Filter>
    </ClCompile>
    <ClCompile Include="scene\GameScene.cpp">
      <Filter>RayEngine\scene</Filter>
    </ClCompile>
    <ClCompile Include="MyGame.cpp">
      <Filter>ソース ファイル</Filter>
    </ClCompile>
    <ClCompile Include="externals\imgui\imgui.cpp">
      <Filter>RayEngine\imgui</Filter>
    </ClCompile>
    <ClCompile Include="externals\imgui\imgui_demo.cpp">
      <Filter>RayEngine\imgui</Filter>
    </ClCompile>
    <ClCompile Include="externals\imgui\imgui_draw.cpp">
      <Filter>RayEngine\imgui</Filter>
    </ClCompile>
    <ClCompile Include="externals\imgui\imgui_impl_dx12.cpp">
      <Filter>RayEngine\imgui</Filter>
    </ClCompile>
    <ClCompile Include="externals\imgui\imgui_impl_win32.cpp">
      <Filter>RayEngine\imgui</Filter>
    </ClCompile>
    <ClCompile Include="externals\imgui\imgui_tables.cpp">
      <Filter>RayEngine\imgui</Filter>
    </ClCompile>
    <ClCompile Include="externals\imgui\imgui_widgets.cpp">
      <Filter>RayEngine\imgui</Filter>
    </ClCompile>
    <ClCompile Include="main.cpp">
      <Filter>ソース ファイル</Filter>
    </ClCompile>
    <ClCompile Include="2d\Sprite.cpp">
      <Filter>RayEngine\2d</Filter>
    </ClCompile>
    <ClCompile Include="Ground.cpp">
      <Filter>ソース ファイル</Filter>
    </ClCompile>
    <ClCompile Include="FollowCamera.cpp">
      <Filter>ソース ファイル</Filter>
    </ClCompile>
    <ClCompile Include="Player.cpp">
      <Filter>ソース ファイル</Filter>
    </ClCompile>
    <ClCompile Include="BaseCharacter.cpp">
      <Filter>ソース ファイル</Filter>
    </ClCompile>
    <ClCompile Include="Enemy.cpp">
      <Filter>ソース ファイル</Filter>
    </ClCompile>
    <ClCompile Include="skydome.cpp">
      <Filter>ソース ファイル</Filter>
    </ClCompile>
    <ClCompile Include="Framework.cpp">
      <Filter>RayEngine</Filter>
    </ClCompile>
    <ClCompile Include="GlobalVariables.cpp">
      <Filter>RayEngine</Filter>
    </ClCompile>
    <ClCompile Include="Collider.cpp">
      <Filter>RayEngine\collision</Filter>
    </ClCompile>
    <ClCompile Include="CollisionManager.cpp">
      <Filter>RayEngine\collision</Filter>
    </ClCompile>
    <ClCompile Include="audio.cpp">
      <Filter>RayEngine\audio</Filter>
    </ClCompile>
  </ItemGroup>
  <ItemGroup>
    <ClInclude Include="MyGame.h">
      <Filter>ヘッダー ファイル</Filter>
    </ClInclude>
    <ClInclude Include="externals\imgui\imconfig.h">
      <Filter>RayEngine\imgui</Filter>
    </ClInclude>
    <ClInclude Include="externals\imgui\imgui.h">
      <Filter>RayEngine\imgui</Filter>
    </ClInclude>
    <ClInclude Include="externals\imgui\imgui_impl_dx12.h">
      <Filter>RayEngine\imgui</Filter>
    </ClInclude>
    <ClInclude Include="externals\imgui\imgui_impl_win32.h">
      <Filter>RayEngine\imgui</Filter>
    </ClInclude>
    <ClInclude Include="externals\imgui\imgui_internal.h">
      <Filter>RayEngine\imgui</Filter>
    </ClInclude>
    <ClInclude Include="externals\imgui\imstb_rectpack.h">
      <Filter>RayEngine\imgui</Filter>
    </ClInclude>
    <ClInclude Include="externals\imgui\imstb_textedit.h">
      <Filter>RayEngine\imgui</Filter>
    </ClInclude>
    <ClInclude Include="externals\imgui\imstb_truetype.h">
      <Filter>RayEngine\imgui</Filter>
    </ClInclude>
    <ClInclude Include="Ground.h">
      <Filter>ヘッダー ファイル</Filter>
    </ClInclude>
    <ClInclude Include="FollowCamera.h">
      <Filter>ヘッダー ファイル</Filter>
    </ClInclude>
    <ClInclude Include="Player.h">
      <Filter>ヘッダー ファイル</Filter>
    </ClInclude>
    <ClInclude Include="BaseCharacter.h">
      <Filter>ヘッダー ファイル</Filter>
    </ClInclude>
    <ClInclude Include="GlobalVariables.h">
      <Filter>ヘッダー ファイル</Filter>
    </ClInclude>
    <ClInclude Include="Enemy.h">
      <Filter>ヘッダー ファイル</Filter>
    </ClInclude>
    <ClInclude Include="skydome.h">
      <Filter>ヘッダー ファイル</Filter>
    </ClInclude>
    <ClInclude Include="2d\Sprite.h">
      <Filter>RayEngine\2d</Filter>
    </ClInclude>
    <ClInclude Include="3d\WorldTransform.h">
      <Filter>RayEngine\3d</Filter>
    </ClInclude>
    <ClInclude Include="3d\viewProjection.h">
      <Filter>RayEngine\3d</Filter>
    </ClInclude>
    <ClInclude Include="3d\DirectionalLight.h">
      <Filter>RayEngine\3d</Filter>
    </ClInclude>
    <ClInclude Include="3d\LightGroup.h">
      <Filter>RayEngine\3d</Filter>
    </ClInclude>
    <ClInclude Include="3d\Material.h">
      <Filter>RayEngine\3d</Filter>
    </ClInclude>
    <ClInclude Include="3d\Mesh.h">
      <Filter>RayEngine\3d</Filter>
    </ClInclude>
    <ClInclude Include="3d\Model.h">
      <Filter>RayEngine\3d</Filter>
    </ClInclude>
    <ClInclude Include="3d\Triangle.h">
      <Filter>RayEngine\3d</Filter>
    </ClInclude>
    <ClInclude Include="base\DXCManager.h">
      <Filter>RayEngine\base</Filter>
    </ClInclude>
    <ClInclude Include="base\DXCommon.h">
      <Filter>RayEngine\base</Filter>
    </ClInclude>
    <ClInclude Include="base\ImGuiManager.h">
      <Filter>RayEngine\base</Filter>
    </ClInclude>
    <ClInclude Include="base\MyD3D12Create.h">
      <Filter>RayEngine\base</Filter>
    </ClInclude>
    <ClInclude Include="base\MyLog.h">
      <Filter>RayEngine\base</Filter>
    </ClInclude>
    <ClInclude Include="base\MyStruct.h">
      <Filter>RayEngine\base</Filter>
    </ClInclude>
    <ClInclude Include="base\SafeDelete.h">
      <Filter>RayEngine\base</Filter>
    </ClInclude>
    <ClInclude Include="base\TextureManager.h">
      <Filter>RayEngine\base</Filter>
    </ClInclude>
    <ClInclude Include="base\WinApp.h">
      <Filter>RayEngine\base</Filter>
    </ClInclude>
    <ClInclude Include="input\Input.h">
      <Filter>RayEngine\input</Filter>
    </ClInclude>
    <ClInclude Include="base\MyMath.h">
      <Filter>RayEngine\math</Filter>
    </ClInclude>
    <ClInclude Include="scene\GameScene.h">
      <Filter>RayEngine\scene</Filter>
    </ClInclude>
    <ClInclude Include="Framework.h">
      <Filter>RayEngine</Filter>
    </ClInclude>
    <ClInclude Include="Collider.h">
      <Filter>RayEngine\collision</Filter>
    </ClInclude>
    <ClInclude Include="CollisionConfig.h">
      <Filter>RayEngine\collision</Filter>
    </ClInclude>
    <ClInclude Include="CollisionManager.h">
      <Filter>RayEngine\collision</Filter>
    </ClInclude>
    <ClInclude Include="audio.h">
      <Filter>RayEngine\audio</Filter>
    </ClInclude>
  </ItemGroup>
  <ItemGroup>
    <None Include="Resources\shaders\Obj.hlsli">
      <Filter>リソース ファイル\shaders</Filter>
    </None>
    <None Include="Resources\shaders\Sprite.hlsli">
      <Filter>リソース ファイル\shaders</Filter>
    </None>
  </ItemGroup>
  <ItemGroup>
    <FxCompile Include="Resources\shaders\ObjPS.hlsl">
      <Filter>リソース ファイル\shaders</Filter>
    </FxCompile>
    <FxCompile Include="Resources\shaders\ObjVS.hlsl">
      <Filter>リソース ファイル\shaders</Filter>
    </FxCompile>
    <FxCompile Include="Resources\shaders\SpritePS.hlsl">
      <Filter>リソース ファイル\shaders</Filter>
    </FxCompile>
    <FxCompile Include="Resources\shaders\SpriteVS.hlsl">
      <Filter>リソース ファイル\shaders</Filter>
    </FxCompile>
  </ItemGroup>
  <ItemGroup>
    <Text Include="externals\imgui\LICENSE.txt">
      <Filter>RayEngine\imgui</Filter>
    </Text>
  </ItemGroup>
</Project>